{
  "pins" : [
    {
      "identity" : "swift-package-manager-google-mobile-ads",
      "kind" : "remoteSourceControl",
      "location" : "https://github.com/googleads/swift-package-manager-google-mobile-ads.git",
      "state" : {
        "revision" : "1239c23464503053c17d37ee5daa70de3455e9c8",
        "version" : "12.14.0"
      }
    },
    {
      "identity" : "swift-package-manager-google-user-messaging-platform",
      "kind" : "remoteSourceControl",
      "location" : "https://github.com/googleads/swift-package-manager-google-user-messaging-platform.git",
      "state" : {
        "revision" : "13b248eaa73b7826f0efb1bcf455e251d65ecb1b",
        "version" : "3.1.0"
      }
    },
    {
      "identity" : "tapmindsdk",
      "kind" : "remoteSourceControl",
      "location" : "https://github.com/kishantuvoc/TapMindSDK.git",
      "state" : {
        "revision" : "3ab1fb59c2810c1856407ca4e0154f9b2beaba75",
        "version" : "1.1.5"
      }
    }
  ],
  "version" : 2
}
